// !$*UTF8*$!
{
	archiveVersion = 1;
	classes = {
	};
	objectVersion = 46;
	objects = {

/* Begin PBXBuildFile section */
		EB0FCAE41CA12F9600011002 /* UIImage+YL.m in Sources */ = {isa = PBXBuildFile; fileRef = EB0FCAE31CA12F9600011002 /* UIImage+YL.m */; };
		EB1229EF1CA64BC9007BBB73 /* UIImageYLVC.m in Sources */ = {isa = PBXBuildFile; fileRef = EB1229EE1CA64BC9007BBB73 /* UIImageYLVC.m */; };
		EB5461181C9C009800BBC675 /* UIColor+Hex.m in Sources */ = {isa = PBXBuildFile; fileRef = EB5461171C9C009800BBC675 /* UIColor+Hex.m */; };
		EB5DC7D71CC4A15C00E0349B /* UIImage+Resize.m in Sources */ = {isa = PBXBuildFile; fileRef = EB5DC7D51CC4A15C00E0349B /* UIImage+Resize.m */; };
		EBCBA80C1CC397D2001DC2BA /* NSData+Addition.m in Sources */ = {isa = PBXBuildFile; fileRef = EBCBA7D41CC397D1001DC2BA /* NSData+Addition.m */; };
		EBCBA80D1CC397D2001DC2BA /* NSDate+Addition.m in Sources */ = {isa = PBXBuildFile; fileRef = EBCBA7D61CC397D1001DC2BA /* NSDate+Addition.m */; };
		EBCBA80E1CC397D2001DC2BA /* NSFileManager+ Addition.m in Sources */ = {isa = PBXBuildFile; fileRef = EBCBA7D71CC397D1001DC2BA /* NSFileManager+ Addition.m */; };
		EBCBA80F1CC397D2001DC2BA /* NSString+Addition.m in Sources */ = {isa = PBXBuildFile; fileRef = EBCBA7DA1CC397D1001DC2BA /* NSString+Addition.m */; };
		EBCBA8101CC397D2001DC2BA /* NSString+Regular.m in Sources */ = {isa = PBXBuildFile; fileRef = EBCBA7DC1CC397D1001DC2BA /* NSString+Regular.m */; };
		EBCBA8111CC397D2001DC2BA /* UIAlertView+Addition.m in Sources */ = {isa = PBXBuildFile; fileRef = EBCBA7DE1CC397D1001DC2BA /* UIAlertView+Addition.m */; };
		EBCBA8121CC397D2001DC2BA /* UIImage+Addition.m in Sources */ = {isa = PBXBuildFile; fileRef = EBCBA7E01CC397D1001DC2BA /* UIImage+Addition.m */; };
		EBCBA8131CC397D2001DC2BA /* UIImageView+LBBlurredImage.m in Sources */ = {isa = PBXBuildFile; fileRef = EBCBA7E21CC397D1001DC2BA /* UIImageView+LBBlurredImage.m */; };
		EBCBA8141CC397D2001DC2BA /* UITextField+LimitLength.m in Sources */ = {isa = PBXBuildFile; fileRef = EBCBA7E41CC397D1001DC2BA /* UITextField+LimitLength.m */; };
		EBCBA8151CC397D2001DC2BA /* UIView+Addition.m in Sources */ = {isa = PBXBuildFile; fileRef = EBCBA7E61CC397D1001DC2BA /* UIView+Addition.m */; };
		EBCBA8161CC397D2001DC2BA /* UIView+Animation.m in Sources */ = {isa = PBXBuildFile; fileRef = EBCBA7E81CC397D1001DC2BA /* UIView+Animation.m */; };
		EBCBA8171CC397D2001DC2BA /* UIView+Frame.m in Sources */ = {isa = PBXBuildFile; fileRef = EBCBA7EA1CC397D1001DC2BA /* UIView+Frame.m */; };
		EBCBA8181CC397D2001DC2BA /* UIView+Layer.m in Sources */ = {isa = PBXBuildFile; fileRef = EBCBA7EC1CC397D1001DC2BA /* UIView+Layer.m */; };
		EBCBA8191CC397D2001DC2BA /* RadioButton-Selected.png in Resources */ = {isa = PBXBuildFile; fileRef = EBCBA7F01CC397D1001DC2BA /* RadioButton-Selected.png */; };
		EBCBA81A1CC397D2001DC2BA /* RadioButton-Unselected.png in Resources */ = {isa = PBXBuildFile; fileRef = EBCBA7F11CC397D1001DC2BA /* RadioButton-Unselected.png */; };
		EBCBA81B1CC397D2001DC2BA /* RadioButton.m in Sources */ = {isa = PBXBuildFile; fileRef = EBCBA7F31CC397D1001DC2BA /* RadioButton.m */; };
		EBF323301C9BE4540056C907 /* main.m in Sources */ = {isa = PBXBuildFile; fileRef = EBF3232F1C9BE4540056C907 /* main.m */; };
		EBF323331C9BE4540056C907 /* AppDelegate.m in Sources */ = {isa = PBXBuildFile; fileRef = EBF323321C9BE4540056C907 /* AppDelegate.m */; };
		EBF323361C9BE4540056C907 /* ViewController.m in Sources */ = {isa = PBXBuildFile; fileRef = EBF323351C9BE4540056C907 /* ViewController.m */; };
		EBF323391C9BE4540056C907 /* Main.storyboard in Resources */ = {isa = PBXBuildFile; fileRef = EBF323371C9BE4540056C907 /* Main.storyboard */; };
		EBF3233B1C9BE4540056C907 /* Assets.xcassets in Resources */ = {isa = PBXBuildFile; fileRef = EBF3233A1C9BE4540056C907 /* Assets.xcassets */; };
		EBF3233E1C9BE4540056C907 /* LaunchScreen.storyboard in Resources */ = {isa = PBXBuildFile; fileRef = EBF3233C1C9BE4540056C907 /* LaunchScreen.storyboard */; };
		EBF323EC1C9BE4870056C907 /* NSDate+Escort.m in Sources */ = {isa = PBXBuildFile; fileRef = EBF3239B1C9BE4870056C907 /* NSDate+Escort.m */; };
		EBF323ED1C9BE4870056C907 /* NSObject+AutoDescription.m in Sources */ = {isa = PBXBuildFile; fileRef = EBF3239E1C9BE4870056C907 /* NSObject+AutoDescription.m */; };
		EBF323EE1C9BE4870056C907 /* NSObject+CleanDescription.m in Sources */ = {isa = PBXBuildFile; fileRef = EBF323A01C9BE4870056C907 /* NSObject+CleanDescription.m */; };
		EBF323F31C9BE4870056C907 /* NSArray+ObjectiveSugar.m in Sources */ = {isa = PBXBuildFile; fileRef = EBF323AC1C9BE4870056C907 /* NSArray+ObjectiveSugar.m */; };
		EBF323F41C9BE4870056C907 /* NSDictionary+ObjectiveSugar.m in Sources */ = {isa = PBXBuildFile; fileRef = EBF323AE1C9BE4870056C907 /* NSDictionary+ObjectiveSugar.m */; };
		EBF323F51C9BE4870056C907 /* NSMutableArray+ObjectiveSugar.m in Sources */ = {isa = PBXBuildFile; fileRef = EBF323B01C9BE4870056C907 /* NSMutableArray+ObjectiveSugar.m */; };
		EBF323F61C9BE4870056C907 /* NSNumber+ObjectiveSugar.m in Sources */ = {isa = PBXBuildFile; fileRef = EBF323B21C9BE4870056C907 /* NSNumber+ObjectiveSugar.m */; };
		EBF323F71C9BE4870056C907 /* NSSet+ObjectiveSugar.m in Sources */ = {isa = PBXBuildFile; fileRef = EBF323B41C9BE4870056C907 /* NSSet+ObjectiveSugar.m */; };
		EBF323F81C9BE4870056C907 /* NSString+ObjectiveSugar.m in Sources */ = {isa = PBXBuildFile; fileRef = EBF323B61C9BE4870056C907 /* NSString+ObjectiveSugar.m */; };
		EBF323F91C9BE4870056C907 /* README.md in Sources */ = {isa = PBXBuildFile; fileRef = EBF323B81C9BE4870056C907 /* README.md */; };
		EBF323FA1C9BE4870056C907 /* UIAlertView+Extension.m in Sources */ = {isa = PBXBuildFile; fileRef = EBF323BB1C9BE4870056C907 /* UIAlertView+Extension.m */; };
		EBF323FB1C9BE4870056C907 /* UIColor+Extension.m in Sources */ = {isa = PBXBuildFile; fileRef = EBF323BE1C9BE4870056C907 /* UIColor+Extension.m */; };
		EBF323FD1C9BE4870056C907 /* UIImage+GIF.m in Sources */ = {isa = PBXBuildFile; fileRef = EBF323C41C9BE4870056C907 /* UIImage+GIF.m */; };
		EBF323FE1C9BE4870056C907 /* UIView+Extension.m in Sources */ = {isa = PBXBuildFile; fileRef = EBF323C71C9BE4870056C907 /* UIView+Extension.m */; };
		EBF324031C9BE7BE0056C907 /* UIViewExtensionUse.m in Sources */ = {isa = PBXBuildFile; fileRef = EBF324021C9BE7BE0056C907 /* UIViewExtensionUse.m */; };
/* End PBXBuildFile section */

/* Begin PBXFileReference section */
		EB0FCAE21CA12F9600011002 /* UIImage+YL.h */ = {isa = PBXFileReference; fileEncoding = 4; lastKnownFileType = sourcecode.c.h; path = "UIImage+YL.h"; sourceTree = "<group>"; };
		EB0FCAE31CA12F9600011002 /* UIImage+YL.m */ = {isa = PBXFileReference; fileEncoding = 4; lastKnownFileType = sourcecode.c.objc; path = "UIImage+YL.m"; sourceTree = "<group>"; };
		EB1229ED1CA64BC9007BBB73 /* UIImageYLVC.h */ = {isa = PBXFileReference; fileEncoding = 4; lastKnownFileType = sourcecode.c.h; path = UIImageYLVC.h; sourceTree = "<group>"; };
		EB1229EE1CA64BC9007BBB73 /* UIImageYLVC.m */ = {isa = PBXFileReference; fileEncoding = 4; lastKnownFileType = sourcecode.c.objc; path = UIImageYLVC.m; sourceTree = "<group>"; };
		EB5461161C9C009800BBC675 /* UIColor+Hex.h */ = {isa = PBXFileReference; fileEncoding = 4; lastKnownFileType = sourcecode.c.h; path = "UIColor+Hex.h"; sourceTree = "<group>"; };
		EB5461171C9C009800BBC675 /* UIColor+Hex.m */ = {isa = PBXFileReference; fileEncoding = 4; lastKnownFileType = sourcecode.c.objc; path = "UIColor+Hex.m"; sourceTree = "<group>"; };
		EB5461191C9C00FF00BBC675 /* YLCommon.h */ = {isa = PBXFileReference; lastKnownFileType = sourcecode.c.h; path = YLCommon.h; sourceTree = "<group>"; };
		EB54611B1C9C16C800BBC675 /* YLCategoryUIViewExtension.h */ = {isa = PBXFileReference; lastKnownFileType = sourcecode.c.h; path = YLCategoryUIViewExtension.h; sourceTree = "<group>"; };
		EB5DC7D41CC4A15C00E0349B /* UIImage+Resize.h */ = {isa = PBXFileReference; fileEncoding = 4; lastKnownFileType = sourcecode.c.h; path = "UIImage+Resize.h"; sourceTree = "<group>"; };
		EB5DC7D51CC4A15C00E0349B /* UIImage+Resize.m */ = {isa = PBXFileReference; fileEncoding = 4; lastKnownFileType = sourcecode.c.objc; path = "UIImage+Resize.m"; sourceTree = "<group>"; };
		EBCBA7D21CC397D1001DC2BA /* CategoryUtils.h */ = {isa = PBXFileReference; fileEncoding = 4; lastKnownFileType = sourcecode.c.h; path = CategoryUtils.h; sourceTree = "<group>"; };
		EBCBA7D31CC397D1001DC2BA /* NSData+Addition.h */ = {isa = PBXFileReference; fileEncoding = 4; lastKnownFileType = sourcecode.c.h; path = "NSData+Addition.h"; sourceTree = "<group>"; };
		EBCBA7D41CC397D1001DC2BA /* NSData+Addition.m */ = {isa = PBXFileReference; fileEncoding = 4; lastKnownFileType = sourcecode.c.objc; path = "NSData+Addition.m"; sourceTree = "<group>"; };
		EBCBA7D51CC397D1001DC2BA /* NSDate+Addition.h */ = {isa = PBXFileReference; fileEncoding = 4; lastKnownFileType = sourcecode.c.h; path = "NSDate+Addition.h"; sourceTree = "<group>"; };
		EBCBA7D61CC397D1001DC2BA /* NSDate+Addition.m */ = {isa = PBXFileReference; fileEncoding = 4; lastKnownFileType = sourcecode.c.objc; path = "NSDate+Addition.m"; sourceTree = "<group>"; };
		EBCBA7D71CC397D1001DC2BA /* NSFileManager+ Addition.m */ = {isa = PBXFileReference; fileEncoding = 4; lastKnownFileType = sourcecode.c.objc; path = "NSFileManager+ Addition.m"; sourceTree = "<group>"; };
		EBCBA7D81CC397D1001DC2BA /* NSFileManager+Addition.h */ = {isa = PBXFileReference; fileEncoding = 4; lastKnownFileType = sourcecode.c.h; path = "NSFileManager+Addition.h"; sourceTree = "<group>"; };
		EBCBA7D91CC397D1001DC2BA /* NSString+Addition.h */ = {isa = PBXFileReference; fileEncoding = 4; lastKnownFileType = sourcecode.c.h; path = "NSString+Addition.h"; sourceTree = "<group>"; };
		EBCBA7DA1CC397D1001DC2BA /* NSString+Addition.m */ = {isa = PBXFileReference; fileEncoding = 4; lastKnownFileType = sourcecode.c.objc; path = "NSString+Addition.m"; sourceTree = "<group>"; };
		EBCBA7DB1CC397D1001DC2BA /* NSString+Regular.h */ = {isa = PBXFileReference; fileEncoding = 4; lastKnownFileType = sourcecode.c.h; path = "NSString+Regular.h"; sourceTree = "<group>"; };
		EBCBA7DC1CC397D1001DC2BA /* NSString+Regular.m */ = {isa = PBXFileReference; fileEncoding = 4; lastKnownFileType = sourcecode.c.objc; path = "NSString+Regular.m"; sourceTree = "<group>"; };
		EBCBA7DD1CC397D1001DC2BA /* UIAlertView+Addition.h */ = {isa = PBXFileReference; fileEncoding = 4; lastKnownFileType = sourcecode.c.h; path = "UIAlertView+Addition.h"; sourceTree = "<group>"; };
		EBCBA7DE1CC397D1001DC2BA /* UIAlertView+Addition.m */ = {isa = PBXFileReference; fileEncoding = 4; lastKnownFileType = sourcecode.c.objc; path = "UIAlertView+Addition.m"; sourceTree = "<group>"; };
		EBCBA7DF1CC397D1001DC2BA /* UIImage+Addition.h */ = {isa = PBXFileReference; fileEncoding = 4; lastKnownFileType = sourcecode.c.h; path = "UIImage+Addition.h"; sourceTree = "<group>"; };
		EBCBA7E01CC397D1001DC2BA /* UIImage+Addition.m */ = {isa = PBXFileReference; fileEncoding = 4; lastKnownFileType = sourcecode.c.objc; path = "UIImage+Addition.m"; sourceTree = "<group>"; };
		EBCBA7E11CC397D1001DC2BA /* UIImageView+LBBlurredImage.h */ = {isa = PBXFileReference; fileEncoding = 4; lastKnownFileType = sourcecode.c.h; path = "UIImageView+LBBlurredImage.h"; sourceTree = "<group>"; };
		EBCBA7E21CC397D1001DC2BA /* UIImageView+LBBlurredImage.m */ = {isa = PBXFileReference; fileEncoding = 4; lastKnownFileType = sourcecode.c.objc; path = "UIImageView+LBBlurredImage.m"; sourceTree = "<group>"; };
		EBCBA7E31CC397D1001DC2BA /* UITextField+LimitLength.h */ = {isa = PBXFileReference; fileEncoding = 4; lastKnownFileType = sourcecode.c.h; path = "UITextField+LimitLength.h"; sourceTree = "<group>"; };
		EBCBA7E41CC397D1001DC2BA /* UITextField+LimitLength.m */ = {isa = PBXFileReference; fileEncoding = 4; lastKnownFileType = sourcecode.c.objc; path = "UITextField+LimitLength.m"; sourceTree = "<group>"; };
		EBCBA7E51CC397D1001DC2BA /* UIView+Addition.h */ = {isa = PBXFileReference; fileEncoding = 4; lastKnownFileType = sourcecode.c.h; path = "UIView+Addition.h"; sourceTree = "<group>"; };
		EBCBA7E61CC397D1001DC2BA /* UIView+Addition.m */ = {isa = PBXFileReference; fileEncoding = 4; lastKnownFileType = sourcecode.c.objc; path = "UIView+Addition.m"; sourceTree = "<group>"; };
		EBCBA7E71CC397D1001DC2BA /* UIView+Animation.h */ = {isa = PBXFileReference; fileEncoding = 4; lastKnownFileType = sourcecode.c.h; path = "UIView+Animation.h"; sourceTree = "<group>"; };
		EBCBA7E81CC397D1001DC2BA /* UIView+Animation.m */ = {isa = PBXFileReference; fileEncoding = 4; lastKnownFileType = sourcecode.c.objc; path = "UIView+Animation.m"; sourceTree = "<group>"; };
		EBCBA7E91CC397D1001DC2BA /* UIView+Frame.h */ = {isa = PBXFileReference; fileEncoding = 4; lastKnownFileType = sourcecode.c.h; path = "UIView+Frame.h"; sourceTree = "<group>"; };
		EBCBA7EA1CC397D1001DC2BA /* UIView+Frame.m */ = {isa = PBXFileReference; fileEncoding = 4; lastKnownFileType = sourcecode.c.objc; path = "UIView+Frame.m"; sourceTree = "<group>"; };
		EBCBA7EB1CC397D1001DC2BA /* UIView+Layer.h */ = {isa = PBXFileReference; fileEncoding = 4; lastKnownFileType = sourcecode.c.h; path = "UIView+Layer.h"; sourceTree = "<group>"; };
		EBCBA7EC1CC397D1001DC2BA /* UIView+Layer.m */ = {isa = PBXFileReference; fileEncoding = 4; lastKnownFileType = sourcecode.c.objc; path = "UIView+Layer.m"; sourceTree = "<group>"; };
		EBCBA7F01CC397D1001DC2BA /* RadioButton-Selected.png */ = {isa = PBXFileReference; lastKnownFileType = image.png; path = "RadioButton-Selected.png"; sourceTree = "<group>"; };
		EBCBA7F11CC397D1001DC2BA /* RadioButton-Unselected.png */ = {isa = PBXFileReference; lastKnownFileType = image.png; path = "RadioButton-Unselected.png"; sourceTree = "<group>"; };
		EBCBA7F21CC397D1001DC2BA /* RadioButton.h */ = {isa = PBXFileReference; fileEncoding = 4; lastKnownFileType = sourcecode.c.h; path = RadioButton.h; sourceTree = "<group>"; };
		EBCBA7F31CC397D1001DC2BA /* RadioButton.m */ = {isa = PBXFileReference; fileEncoding = 4; lastKnownFileType = sourcecode.c.objc; path = RadioButton.m; sourceTree = "<group>"; };
		EBF3232B1C9BE4540056C907 /* iOSCategoriesCollection.app */ = {isa = PBXFileReference; explicitFileType = wrapper.application; includeInIndex = 0; path = iOSCategoriesCollection.app; sourceTree = BUILT_PRODUCTS_DIR; };
		EBF3232F1C9BE4540056C907 /* main.m */ = {isa = PBXFileReference; lastKnownFileType = sourcecode.c.objc; path = main.m; sourceTree = "<group>"; };
		EBF323311C9BE4540056C907 /* AppDelegate.h */ = {isa = PBXFileReference; lastKnownFileType = sourcecode.c.h; path = AppDelegate.h; sourceTree = "<group>"; };
		EBF323321C9BE4540056C907 /* AppDelegate.m */ = {isa = PBXFileReference; lastKnownFileType = sourcecode.c.objc; path = AppDelegate.m; sourceTree = "<group>"; };
		EBF323341C9BE4540056C907 /* ViewController.h */ = {isa = PBXFileReference; lastKnownFileType = sourcecode.c.h; path = ViewController.h; sourceTree = "<group>"; };
		EBF323351C9BE4540056C907 /* ViewController.m */ = {isa = PBXFileReference; lastKnownFileType = sourcecode.c.objc; path = ViewController.m; sourceTree = "<group>"; };
		EBF323381C9BE4540056C907 /* Base */ = {isa = PBXFileReference; lastKnownFileType = file.storyboard; name = Base; path = Base.lproj/Main.storyboard; sourceTree = "<group>"; };
		EBF3233A1C9BE4540056C907 /* Assets.xcassets */ = {isa = PBXFileReference; lastKnownFileType = folder.assetcatalog; path = Assets.xcassets; sourceTree = "<group>"; };
		EBF3233D1C9BE4540056C907 /* Base */ = {isa = PBXFileReference; lastKnownFileType = file.storyboard; name = Base; path = Base.lproj/LaunchScreen.storyboard; sourceTree = "<group>"; };
		EBF3233F1C9BE4540056C907 /* Info.plist */ = {isa = PBXFileReference; lastKnownFileType = text.plist.xml; path = Info.plist; sourceTree = "<group>"; };
		EBF3239A1C9BE4870056C907 /* NSDate+Escort.h */ = {isa = PBXFileReference; fileEncoding = 4; lastKnownFileType = sourcecode.c.h; path = "NSDate+Escort.h"; sourceTree = "<group>"; };
		EBF3239B1C9BE4870056C907 /* NSDate+Escort.m */ = {isa = PBXFileReference; fileEncoding = 4; lastKnownFileType = sourcecode.c.objc; path = "NSDate+Escort.m"; sourceTree = "<group>"; };
		EBF3239D1C9BE4870056C907 /* NSObject+AutoDescription.h */ = {isa = PBXFileReference; fileEncoding = 4; lastKnownFileType = sourcecode.c.h; path = "NSObject+AutoDescription.h"; sourceTree = "<group>"; };
		EBF3239E1C9BE4870056C907 /* NSObject+AutoDescription.m */ = {isa = PBXFileReference; fileEncoding = 4; lastKnownFileType = sourcecode.c.objc; path = "NSObject+AutoDescription.m"; sourceTree = "<group>"; };
		EBF3239F1C9BE4870056C907 /* NSObject+CleanDescription.h */ = {isa = PBXFileReference; fileEncoding = 4; lastKnownFileType = sourcecode.c.h; path = "NSObject+CleanDescription.h"; sourceTree = "<group>"; };
		EBF323A01C9BE4870056C907 /* NSObject+CleanDescription.m */ = {isa = PBXFileReference; fileEncoding = 4; lastKnownFileType = sourcecode.c.objc; path = "NSObject+CleanDescription.m"; sourceTree = "<group>"; };
		EBF323AB1C9BE4870056C907 /* NSArray+ObjectiveSugar.h */ = {isa = PBXFileReference; fileEncoding = 4; lastKnownFileType = sourcecode.c.h; path = "NSArray+ObjectiveSugar.h"; sourceTree = "<group>"; };
		EBF323AC1C9BE4870056C907 /* NSArray+ObjectiveSugar.m */ = {isa = PBXFileReference; fileEncoding = 4; lastKnownFileType = sourcecode.c.objc; path = "NSArray+ObjectiveSugar.m"; sourceTree = "<group>"; };
		EBF323AD1C9BE4870056C907 /* NSDictionary+ObjectiveSugar.h */ = {isa = PBXFileReference; fileEncoding = 4; lastKnownFileType = sourcecode.c.h; path = "NSDictionary+ObjectiveSugar.h"; sourceTree = "<group>"; };
		EBF323AE1C9BE4870056C907 /* NSDictionary+ObjectiveSugar.m */ = {isa = PBXFileReference; fileEncoding = 4; lastKnownFileType = sourcecode.c.objc; path = "NSDictionary+ObjectiveSugar.m"; sourceTree = "<group>"; };
		EBF323AF1C9BE4870056C907 /* NSMutableArray+ObjectiveSugar.h */ = {isa = PBXFileReference; fileEncoding = 4; lastKnownFileType = sourcecode.c.h; path = "NSMutableArray+ObjectiveSugar.h"; sourceTree = "<group>"; };
		EBF323B01C9BE4870056C907 /* NSMutableArray+ObjectiveSugar.m */ = {isa = PBXFileReference; fileEncoding = 4; lastKnownFileType = sourcecode.c.objc; path = "NSMutableArray+ObjectiveSugar.m"; sourceTree = "<group>"; };
		EBF323B11C9BE4870056C907 /* NSNumber+ObjectiveSugar.h */ = {isa = PBXFileReference; fileEncoding = 4; lastKnownFileType = sourcecode.c.h; path = "NSNumber+ObjectiveSugar.h"; sourceTree = "<group>"; };
		EBF323B21C9BE4870056C907 /* NSNumber+ObjectiveSugar.m */ = {isa = PBXFileReference; fileEncoding = 4; lastKnownFileType = sourcecode.c.objc; path = "NSNumber+ObjectiveSugar.m"; sourceTree = "<group>"; };
		EBF323B31C9BE4870056C907 /* NSSet+ObjectiveSugar.h */ = {isa = PBXFileReference; fileEncoding = 4; lastKnownFileType = sourcecode.c.h; path = "NSSet+ObjectiveSugar.h"; sourceTree = "<group>"; };
		EBF323B41C9BE4870056C907 /* NSSet+ObjectiveSugar.m */ = {isa = PBXFileReference; fileEncoding = 4; lastKnownFileType = sourcecode.c.objc; path = "NSSet+ObjectiveSugar.m"; sourceTree = "<group>"; };
		EBF323B51C9BE4870056C907 /* NSString+ObjectiveSugar.h */ = {isa = PBXFileReference; fileEncoding = 4; lastKnownFileType = sourcecode.c.h; path = "NSString+ObjectiveSugar.h"; sourceTree = "<group>"; };
		EBF323B61C9BE4870056C907 /* NSString+ObjectiveSugar.m */ = {isa = PBXFileReference; fileEncoding = 4; lastKnownFileType = sourcecode.c.objc; path = "NSString+ObjectiveSugar.m"; sourceTree = "<group>"; };
		EBF323B71C9BE4870056C907 /* ObjectiveSugar.h */ = {isa = PBXFileReference; fileEncoding = 4; lastKnownFileType = sourcecode.c.h; path = ObjectiveSugar.h; sourceTree = "<group>"; };
		EBF323B81C9BE4870056C907 /* README.md */ = {isa = PBXFileReference; fileEncoding = 4; lastKnownFileType = net.daringfireball.markdown; path = README.md; sourceTree = "<group>"; };
		EBF323BA1C9BE4870056C907 /* UIAlertView+Extension.h */ = {isa = PBXFileReference; fileEncoding = 4; lastKnownFileType = sourcecode.c.h; path = "UIAlertView+Extension.h"; sourceTree = "<group>"; };
		EBF323BB1C9BE4870056C907 /* UIAlertView+Extension.m */ = {isa = PBXFileReference; fileEncoding = 4; lastKnownFileType = sourcecode.c.objc; path = "UIAlertView+Extension.m"; sourceTree = "<group>"; };
		EBF323BD1C9BE4870056C907 /* UIColor+Extension.h */ = {isa = PBXFileReference; fileEncoding = 4; lastKnownFileType = sourcecode.c.h; path = "UIColor+Extension.h"; sourceTree = "<group>"; };
		EBF323BE1C9BE4870056C907 /* UIColor+Extension.m */ = {isa = PBXFileReference; fileEncoding = 4; lastKnownFileType = sourcecode.c.objc; path = "UIColor+Extension.m"; sourceTree = "<group>"; };
		EBF323C31C9BE4870056C907 /* UIImage+GIF.h */ = {isa = PBXFileReference; fileEncoding = 4; lastKnownFileType = sourcecode.c.h; path = "UIImage+GIF.h"; sourceTree = "<group>"; };
		EBF323C41C9BE4870056C907 /* UIImage+GIF.m */ = {isa = PBXFileReference; fileEncoding = 4; lastKnownFileType = sourcecode.c.objc; path = "UIImage+GIF.m"; sourceTree = "<group>"; };
		EBF323C61C9BE4870056C907 /* UIView+Extension.h */ = {isa = PBXFileReference; fileEncoding = 4; lastKnownFileType = sourcecode.c.h; path = "UIView+Extension.h"; sourceTree = "<group>"; };
		EBF323C71C9BE4870056C907 /* UIView+Extension.m */ = {isa = PBXFileReference; fileEncoding = 4; lastKnownFileType = sourcecode.c.objc; path = "UIView+Extension.m"; sourceTree = "<group>"; };
		EBF324011C9BE7BE0056C907 /* UIViewExtensionUse.h */ = {isa = PBXFileReference; fileEncoding = 4; lastKnownFileType = sourcecode.c.h; path = UIViewExtensionUse.h; sourceTree = "<group>"; };
		EBF324021C9BE7BE0056C907 /* UIViewExtensionUse.m */ = {isa = PBXFileReference; fileEncoding = 4; lastKnownFileType = sourcecode.c.objc; path = UIViewExtensionUse.m; sourceTree = "<group>"; };
/* End PBXFileReference section */

/* Begin PBXFrameworksBuildPhase section */
		EBF323281C9BE4540056C907 /* Frameworks */ = {
			isa = PBXFrameworksBuildPhase;
			buildActionMask = 2147483647;
			files = (
			);
			runOnlyForDeploymentPostprocessing = 0;
		};
/* End PBXFrameworksBuildPhase section */

/* Begin PBXGroup section */
		EB0FCAE11CA12F9600011002 /* UIImage+YL */ = {
			isa = PBXGroup;
			children = (
				EB0FCAE21CA12F9600011002 /* UIImage+YL.h */,
				EB0FCAE31CA12F9600011002 /* UIImage+YL.m */,
			);
			path = "UIImage+YL";
			sourceTree = "<group>";
		};
		EB1229EC1CA64B9B007BBB73 /* UIImage+YL */ = {
			isa = PBXGroup;
			children = (
				EB1229ED1CA64BC9007BBB73 /* UIImageYLVC.h */,
				EB1229EE1CA64BC9007BBB73 /* UIImageYLVC.m */,
			);
			path = "UIImage+YL";
			sourceTree = "<group>";
		};
		EB5461151C9C008E00BBC675 /* Util */ = {
			isa = PBXGroup;
			children = (
				EB5461161C9C009800BBC675 /* UIColor+Hex.h */,
				EB5461171C9C009800BBC675 /* UIColor+Hex.m */,
			);
			path = Util;
			sourceTree = "<group>";
		};
		EB5DC7D21CC4A15C00E0349B /* UIImage_Resize */ = {
			isa = PBXGroup;
			children = (
				EB5DC7D41CC4A15C00E0349B /* UIImage+Resize.h */,
				EB5DC7D51CC4A15C00E0349B /* UIImage+Resize.m */,
			);
			path = UIImage_Resize;
			sourceTree = "<group>";
		};
		EBCBA7D01CC397D1001DC2BA /* 未验证的 */ = {
			isa = PBXGroup;
			children = (
				EBCBA7D11CC397D1001DC2BA /* Category */,
				EBCBA7ED1CC397D1001DC2BA /* View */,
			);
			path = "未验证的";
			sourceTree = "<group>";
		};
		EBCBA7D11CC397D1001DC2BA /* Category */ = {
			isa = PBXGroup;
			children = (
				EB5DC7D21CC4A15C00E0349B /* UIImage_Resize */,
				EBCBA7D21CC397D1001DC2BA /* CategoryUtils.h */,
				EBCBA7D31CC397D1001DC2BA /* NSData+Addition.h */,
				EBCBA7D41CC397D1001DC2BA /* NSData+Addition.m */,
				EBCBA7D51CC397D1001DC2BA /* NSDate+Addition.h */,
				EBCBA7D61CC397D1001DC2BA /* NSDate+Addition.m */,
				EBCBA7D71CC397D1001DC2BA /* NSFileManager+ Addition.m */,
				EBCBA7D81CC397D1001DC2BA /* NSFileManager+Addition.h */,
				EBCBA7D91CC397D1001DC2BA /* NSString+Addition.h */,
				EBCBA7DA1CC397D1001DC2BA /* NSString+Addition.m */,
				EBCBA7DB1CC397D1001DC2BA /* NSString+Regular.h */,
				EBCBA7DC1CC397D1001DC2BA /* NSString+Regular.m */,
				EBCBA7DD1CC397D1001DC2BA /* UIAlertView+Addition.h */,
				EBCBA7DE1CC397D1001DC2BA /* UIAlertView+Addition.m */,
				EBCBA7DF1CC397D1001DC2BA /* UIImage+Addition.h */,
				EBCBA7E01CC397D1001DC2BA /* UIImage+Addition.m */,
				EBCBA7E11CC397D1001DC2BA /* UIImageView+LBBlurredImage.h */,
				EBCBA7E21CC397D1001DC2BA /* UIImageView+LBBlurredImage.m */,
				EBCBA7E31CC397D1001DC2BA /* UITextField+LimitLength.h */,
				EBCBA7E41CC397D1001DC2BA /* UITextField+LimitLength.m */,
				EBCBA7E51CC397D1001DC2BA /* UIView+Addition.h */,
				EBCBA7E61CC397D1001DC2BA /* UIView+Addition.m */,
				EBCBA7E71CC397D1001DC2BA /* UIView+Animation.h */,
				EBCBA7E81CC397D1001DC2BA /* UIView+Animation.m */,
				EBCBA7E91CC397D1001DC2BA /* UIView+Frame.h */,
				EBCBA7EA1CC397D1001DC2BA /* UIView+Frame.m */,
				EBCBA7EB1CC397D1001DC2BA /* UIView+Layer.h */,
				EBCBA7EC1CC397D1001DC2BA /* UIView+Layer.m */,
			);
			path = Category;
			sourceTree = "<group>";
		};
		EBCBA7ED1CC397D1001DC2BA /* View */ = {
			isa = PBXGroup;
			children = (
				EBCBA7EE1CC397D1001DC2BA /* Button */,
			);
			path = View;
			sourceTree = "<group>";
		};
		EBCBA7EE1CC397D1001DC2BA /* Button */ = {
			isa = PBXGroup;
			children = (
				EBCBA7EF1CC397D1001DC2BA /* RadioButton */,
			);
			path = Button;
			sourceTree = "<group>";
		};
		EBCBA7EF1CC397D1001DC2BA /* RadioButton */ = {
			isa = PBXGroup;
			children = (
				EBCBA7F01CC397D1001DC2BA /* RadioButton-Selected.png */,
				EBCBA7F11CC397D1001DC2BA /* RadioButton-Unselected.png */,
				EBCBA7F21CC397D1001DC2BA /* RadioButton.h */,
				EBCBA7F31CC397D1001DC2BA /* RadioButton.m */,
			);
			path = RadioButton;
			sourceTree = "<group>";
		};
		EBF323221C9BE4530056C907 = {
			isa = PBXGroup;
			children = (
				EBF3232D1C9BE4540056C907 /* iOSCategoriesCollection */,
				EBF3232C1C9BE4540056C907 /* Products */,
			);
			sourceTree = "<group>";
		};
		EBF3232C1C9BE4540056C907 /* Products */ = {
			isa = PBXGroup;
			children = (
				EBF3232B1C9BE4540056C907 /* iOSCategoriesCollection.app */,
			);
			name = Products;
			sourceTree = "<group>";
		};
		EBF3232D1C9BE4540056C907 /* iOSCategoriesCollection */ = {
			isa = PBXGroup;
			children = (
				EBCBA7D01CC397D1001DC2BA /* 未验证的 */,
				EB5461191C9C00FF00BBC675 /* YLCommon.h */,
				EB5461151C9C008E00BBC675 /* Util */,
				EBF323FF1C9BE7840056C907 /* CategoryUse */,
				EBF323451C9BE4870056C907 /* YLCategory */,
				EBF323311C9BE4540056C907 /* AppDelegate.h */,
				EBF323321C9BE4540056C907 /* AppDelegate.m */,
				EBF323341C9BE4540056C907 /* ViewController.h */,
				EBF323351C9BE4540056C907 /* ViewController.m */,
				EBF323371C9BE4540056C907 /* Main.storyboard */,
				EBF3233A1C9BE4540056C907 /* Assets.xcassets */,
				EBF3233C1C9BE4540056C907 /* LaunchScreen.storyboard */,
				EBF3233F1C9BE4540056C907 /* Info.plist */,
				EBF3232E1C9BE4540056C907 /* Supporting Files */,
			);
			path = iOSCategoriesCollection;
			sourceTree = "<group>";
		};
		EBF3232E1C9BE4540056C907 /* Supporting Files */ = {
			isa = PBXGroup;
			children = (
				EBF3232F1C9BE4540056C907 /* main.m */,
			);
			name = "Supporting Files";
			sourceTree = "<group>";
		};
		EBF323451C9BE4870056C907 /* YLCategory */ = {
			isa = PBXGroup;
			children = (
				EBF323991C9BE4870056C907 /* NSDate+Escort */,
				EBF3239C1C9BE4870056C907 /* NSObject+AutoDescription */,
				EBF323AA1C9BE4870056C907 /* ObjectiveSugar */,
				EBF323B81C9BE4870056C907 /* README.md */,
				EBF323B91C9BE4870056C907 /* UIAlertView+Extension */,
				EBF323BC1C9BE4870056C907 /* UIColor+Extension */,
				EBF323C21C9BE4870056C907 /* UIImage+Gif */,
				EB0FCAE11CA12F9600011002 /* UIImage+YL */,
				EBF323C51C9BE4870056C907 /* UIView+Extension */,
			);
			path = YLCategory;
			sourceTree = "<group>";
		};
		EBF323991C9BE4870056C907 /* NSDate+Escort */ = {
			isa = PBXGroup;
			children = (
				EBF3239A1C9BE4870056C907 /* NSDate+Escort.h */,
				EBF3239B1C9BE4870056C907 /* NSDate+Escort.m */,
			);
			path = "NSDate+Escort";
			sourceTree = "<group>";
		};
		EBF3239C1C9BE4870056C907 /* NSObject+AutoDescription */ = {
			isa = PBXGroup;
			children = (
				EBF3239D1C9BE4870056C907 /* NSObject+AutoDescription.h */,
				EBF3239E1C9BE4870056C907 /* NSObject+AutoDescription.m */,
				EBF3239F1C9BE4870056C907 /* NSObject+CleanDescription.h */,
				EBF323A01C9BE4870056C907 /* NSObject+CleanDescription.m */,
			);
			path = "NSObject+AutoDescription";
			sourceTree = "<group>";
		};
		EBF323AA1C9BE4870056C907 /* ObjectiveSugar */ = {
			isa = PBXGroup;
			children = (
				EBF323AB1C9BE4870056C907 /* NSArray+ObjectiveSugar.h */,
				EBF323AC1C9BE4870056C907 /* NSArray+ObjectiveSugar.m */,
				EBF323AD1C9BE4870056C907 /* NSDictionary+ObjectiveSugar.h */,
				EBF323AE1C9BE4870056C907 /* NSDictionary+ObjectiveSugar.m */,
				EBF323AF1C9BE4870056C907 /* NSMutableArray+ObjectiveSugar.h */,
				EBF323B01C9BE4870056C907 /* NSMutableArray+ObjectiveSugar.m */,
				EBF323B11C9BE4870056C907 /* NSNumber+ObjectiveSugar.h */,
				EBF323B21C9BE4870056C907 /* NSNumber+ObjectiveSugar.m */,
				EBF323B31C9BE4870056C907 /* NSSet+ObjectiveSugar.h */,
				EBF323B41C9BE4870056C907 /* NSSet+ObjectiveSugar.m */,
				EBF323B51C9BE4870056C907 /* NSString+ObjectiveSugar.h */,
				EBF323B61C9BE4870056C907 /* NSString+ObjectiveSugar.m */,
				EBF323B71C9BE4870056C907 /* ObjectiveSugar.h */,
			);
			path = ObjectiveSugar;
			sourceTree = "<group>";
		};
		EBF323B91C9BE4870056C907 /* UIAlertView+Extension */ = {
			isa = PBXGroup;
			children = (
				EBF323BA1C9BE4870056C907 /* UIAlertView+Extension.h */,
				EBF323BB1C9BE4870056C907 /* UIAlertView+Extension.m */,
			);
			path = "UIAlertView+Extension";
			sourceTree = "<group>";
		};
		EBF323BC1C9BE4870056C907 /* UIColor+Extension */ = {
			isa = PBXGroup;
			children = (
				EBF323BD1C9BE4870056C907 /* UIColor+Extension.h */,
				EBF323BE1C9BE4870056C907 /* UIColor+Extension.m */,
			);
			path = "UIColor+Extension";
			sourceTree = "<group>";
		};
		EBF323C21C9BE4870056C907 /* UIImage+Gif */ = {
			isa = PBXGroup;
			children = (
				EBF323C31C9BE4870056C907 /* UIImage+GIF.h */,
				EBF323C41C9BE4870056C907 /* UIImage+GIF.m */,
			);
			path = "UIImage+Gif";
			sourceTree = "<group>";
		};
		EBF323C51C9BE4870056C907 /* UIView+Extension */ = {
			isa = PBXGroup;
			children = (
				EB54611B1C9C16C800BBC675 /* YLCategoryUIViewExtension.h */,
				EBF323C61C9BE4870056C907 /* UIView+Extension.h */,
				EBF323C71C9BE4870056C907 /* UIView+Extension.m */,
			);
			path = "UIView+Extension";
			sourceTree = "<group>";
		};
		EBF323FF1C9BE7840056C907 /* CategoryUse */ = {
			isa = PBXGroup;
			children = (
				EB1229EC1CA64B9B007BBB73 /* UIImage+YL */,
				EBF324001C9BE7A40056C907 /* UIView+Extension */,
			);
			path = CategoryUse;
			sourceTree = "<group>";
		};
		EBF324001C9BE7A40056C907 /* UIView+Extension */ = {
			isa = PBXGroup;
			children = (
				EBF324011C9BE7BE0056C907 /* UIViewExtensionUse.h */,
				EBF324021C9BE7BE0056C907 /* UIViewExtensionUse.m */,
			);
			path = "UIView+Extension";
			sourceTree = "<group>";
		};
/* End PBXGroup section */

/* Begin PBXNativeTarget section */
		EBF3232A1C9BE4540056C907 /* iOSCategoriesCollection */ = {
			isa = PBXNativeTarget;
			buildConfigurationList = EBF323421C9BE4540056C907 /* Build configuration list for PBXNativeTarget "iOSCategoriesCollection" */;
			buildPhases = (
				EBF323271C9BE4540056C907 /* Sources */,
				EBF323281C9BE4540056C907 /* Frameworks */,
				EBF323291C9BE4540056C907 /* Resources */,
			);
			buildRules = (
			);
			dependencies = (
			);
			name = iOSCategoriesCollection;
			productName = iOSCategoriesCollection;
			productReference = EBF3232B1C9BE4540056C907 /* iOSCategoriesCollection.app */;
			productType = "com.apple.product-type.application";
		};
/* End PBXNativeTarget section */

/* Begin PBXProject section */
		EBF323231C9BE4530056C907 /* Project object */ = {
			isa = PBXProject;
			attributes = {
				LastUpgradeCheck = 0720;
				ORGANIZATIONNAME = com.ylgwhyh.iOSCategoriesCollection;
				TargetAttributes = {
					EBF3232A1C9BE4540056C907 = {
						CreatedOnToolsVersion = 7.2.1;
					};
				};
			};
			buildConfigurationList = EBF323261C9BE4530056C907 /* Build configuration list for PBXProject "iOSCategoriesCollection" */;
			compatibilityVersion = "Xcode 3.2";
			developmentRegion = English;
			hasScannedForEncodings = 0;
			knownRegions = (
				en,
				Base,
			);
			mainGroup = EBF323221C9BE4530056C907;
			productRefGroup = EBF3232C1C9BE4540056C907 /* Products */;
			projectDirPath = "";
			projectRoot = "";
			targets = (
				EBF3232A1C9BE4540056C907 /* iOSCategoriesCollection */,
			);
		};
/* End PBXProject section */

/* Begin PBXResourcesBuildPhase section */
		EBF323291C9BE4540056C907 /* Resources */ = {
			isa = PBXResourcesBuildPhase;
			buildActionMask = 2147483647;
			files = (
				EBCBA81A1CC397D2001DC2BA /* RadioButton-Unselected.png in Resources */,
				EBCBA8191CC397D2001DC2BA /* RadioButton-Selected.png in Resources */,
				EBF3233E1C9BE4540056C907 /* LaunchScreen.storyboard in Resources */,
				EBF3233B1C9BE4540056C907 /* Assets.xcassets in Resources */,
				EBF323391C9BE4540056C907 /* Main.storyboard in Resources */,
			);
			runOnlyForDeploymentPostprocessing = 0;
		};
/* End PBXResourcesBuildPhase section */

/* Begin PBXSourcesBuildPhase section */
		EBF323271C9BE4540056C907 /* Sources */ = {
			isa = PBXSourcesBuildPhase;
			buildActionMask = 2147483647;
			files = (
				EBF323361C9BE4540056C907 /* ViewController.m in Sources */,
				EBCBA8111CC397D2001DC2BA /* UIAlertView+Addition.m in Sources */,
				EB5461181C9C009800BBC675 /* UIColor+Hex.m in Sources */,
				EBCBA8101CC397D2001DC2BA /* NSString+Regular.m in Sources */,
				EBF323FE1C9BE4870056C907 /* UIView+Extension.m in Sources */,
				EB5DC7D71CC4A15C00E0349B /* UIImage+Resize.m in Sources */,
				EBCBA8121CC397D2001DC2BA /* UIImage+Addition.m in Sources */,
				EBCBA80D1CC397D2001DC2BA /* NSDate+Addition.m in Sources */,
				EBF323331C9BE4540056C907 /* AppDelegate.m in Sources */,
				EBF323301C9BE4540056C907 /* main.m in Sources */,
				EBF323F61C9BE4870056C907 /* NSNumber+ObjectiveSugar.m in Sources */,
				EBF323FD1C9BE4870056C907 /* UIImage+GIF.m in Sources */,
				EBF323F81C9BE4870056C907 /* NSString+ObjectiveSugar.m in Sources */,
				EBCBA80F1CC397D2001DC2BA /* NSString+Addition.m in Sources */,
				EB0FCAE41CA12F9600011002 /* UIImage+YL.m in Sources */,
				EBCBA8151CC397D2001DC2BA /* UIView+Addition.m in Sources */,
				EBF323F41C9BE4870056C907 /* NSDictionary+ObjectiveSugar.m in Sources */,
				EBF323F31C9BE4870056C907 /* NSArray+ObjectiveSugar.m in Sources */,
				EBCBA8161CC397D2001DC2BA /* UIView+Animation.m in Sources */,
				EBF323F91C9BE4870056C907 /* README.md in Sources */,
				EBF323FB1C9BE4870056C907 /* UIColor+Extension.m in Sources */,
				EBCBA81B1CC397D2001DC2BA /* RadioButton.m in Sources */,
				EBF323F51C9BE4870056C907 /* NSMutableArray+ObjectiveSugar.m in Sources */,
				EBCBA8171CC397D2001DC2BA /* UIView+Frame.m in Sources */,
				EBF324031C9BE7BE0056C907 /* UIViewExtensionUse.m in Sources */,
				EB1229EF1CA64BC9007BBB73 /* UIImageYLVC.m in Sources */,
				EBF323EE1C9BE4870056C907 /* NSObject+CleanDescription.m in Sources */,
				EBF323FA1C9BE4870056C907 /* UIAlertView+Extension.m in Sources */,
				EBCBA80C1CC397D2001DC2BA /* NSData+Addition.m in Sources */,
				EBF323F71C9BE4870056C907 /* NSSet+ObjectiveSugar.m in Sources */,
				EBCBA8181CC397D2001DC2BA /* UIView+Layer.m in Sources */,
				EBCBA8141CC397D2001DC2BA /* UITextField+LimitLength.m in Sources */,
				EBF323ED1C9BE4870056C907 /* NSObject+AutoDescription.m in Sources */,
				EBF323EC1C9BE4870056C907 /* NSDate+Escort.m in Sources */,
				EBCBA8131CC397D2001DC2BA /* UIImageView+LBBlurredImage.m in Sources */,
				EBCBA80E1CC397D2001DC2BA /* NSFileManager+ Addition.m in Sources */,
			);
			runOnlyForDeploymentPostprocessing = 0;
		};
/* End PBXSourcesBuildPhase section */

/* Begin PBXVariantGroup section */
		EBF323371C9BE4540056C907 /* Main.storyboard */ = {
			isa = PBXVariantGroup;
			children = (
				EBF323381C9BE4540056C907 /* Base */,
			);
			name = Main.storyboard;
			sourceTree = "<group>";
		};
		EBF3233C1C9BE4540056C907 /* LaunchScreen.storyboard */ = {
			isa = PBXVariantGroup;
			children = (
				EBF3233D1C9BE4540056C907 /* Base */,
			);
			name = LaunchScreen.storyboard;
			sourceTree = "<group>";
		};
/* End PBXVariantGroup section */

/* Begin XCBuildConfiguration section */
		EBF323401C9BE4540056C907 /* Debug */ = {
			isa = XCBuildConfiguration;
			buildSettings = {
				ALWAYS_SEARCH_USER_PATHS = NO;
				CLANG_CXX_LANGUAGE_STANDARD = "gnu++0x";
				CLANG_CXX_LIBRARY = "libc++";
				CLANG_ENABLE_MODULES = YES;
				CLANG_ENABLE_OBJC_ARC = YES;
				CLANG_WARN_BOOL_CONVERSION = YES;
				CLANG_WARN_CONSTANT_CONVERSION = YES;
				CLANG_WARN_DIRECT_OBJC_ISA_USAGE = YES_ERROR;
				CLANG_WARN_EMPTY_BODY = YES;
				CLANG_WARN_ENUM_CONVERSION = YES;
				CLANG_WARN_INT_CONVERSION = YES;
				CLANG_WARN_OBJC_ROOT_CLASS = YES_ERROR;
				CLANG_WARN_UNREACHABLE_CODE = YES;
				CLANG_WARN__DUPLICATE_METHOD_MATCH = YES;
				"CODE_SIGN_IDENTITY[sdk=iphoneos*]" = "iPhone Developer";
				COPY_PHASE_STRIP = NO;
				DEBUG_INFORMATION_FORMAT = dwarf;
				ENABLE_STRICT_OBJC_MSGSEND = YES;
				ENABLE_TESTABILITY = YES;
				GCC_C_LANGUAGE_STANDARD = gnu99;
				GCC_DYNAMIC_NO_PIC = NO;
				GCC_NO_COMMON_BLOCKS = YES;
				GCC_OPTIMIZATION_LEVEL = 0;
				GCC_PREPROCESSOR_DEFINITIONS = (
					"DEBUG=1",
					"$(inherited)",
				);
				GCC_WARN_64_TO_32_BIT_CONVERSION = YES;
				GCC_WARN_ABOUT_RETURN_TYPE = YES_ERROR;
				GCC_WARN_UNDECLARED_SELECTOR = YES;
				GCC_WARN_UNINITIALIZED_AUTOS = YES_AGGRESSIVE;
				GCC_WARN_UNUSED_FUNCTION = YES;
				GCC_WARN_UNUSED_VARIABLE = YES;
				IPHONEOS_DEPLOYMENT_TARGET = 9.2;
				MTL_ENABLE_DEBUG_INFO = YES;
				ONLY_ACTIVE_ARCH = YES;
				SDKROOT = iphoneos;
			};
			name = Debug;
		};
		EBF323411C9BE4540056C907 /* Release */ = {
			isa = XCBuildConfiguration;
			buildSettings = {
				ALWAYS_SEARCH_USER_PATHS = NO;
				CLANG_CXX_LANGUAGE_STANDARD = "gnu++0x";
				CLANG_CXX_LIBRARY = "libc++";
				CLANG_ENABLE_MODULES = YES;
				CLANG_ENABLE_OBJC_ARC = YES;
				CLANG_WARN_BOOL_CONVERSION = YES;
				CLANG_WARN_CONSTANT_CONVERSION = YES;
				CLANG_WARN_DIRECT_OBJC_ISA_USAGE = YES_ERROR;
				CLANG_WARN_EMPTY_BODY = YES;
				CLANG_WARN_ENUM_CONVERSION = YES;
				CLANG_WARN_INT_CONVERSION = YES;
				CLANG_WARN_OBJC_ROOT_CLASS = YES_ERROR;
				CLANG_WARN_UNREACHABLE_CODE = YES;
				CLANG_WARN__DUPLICATE_METHOD_MATCH = YES;
				"CODE_SIGN_IDENTITY[sdk=iphoneos*]" = "iPhone Developer";
				COPY_PHASE_STRIP = NO;
				DEBUG_INFORMATION_FORMAT = "dwarf-with-dsym";
				ENABLE_NS_ASSERTIONS = NO;
				ENABLE_STRICT_OBJC_MSGSEND = YES;
				GCC_C_LANGUAGE_STANDARD = gnu99;
				GCC_NO_COMMON_BLOCKS = YES;
				GCC_WARN_64_TO_32_BIT_CONVERSION = YES;
				GCC_WARN_ABOUT_RETURN_TYPE = YES_ERROR;
				GCC_WARN_UNDECLARED_SELECTOR = YES;
				GCC_WARN_UNINITIALIZED_AUTOS = YES_AGGRESSIVE;
				GCC_WARN_UNUSED_FUNCTION = YES;
				GCC_WARN_UNUSED_VARIABLE = YES;
				IPHONEOS_DEPLOYMENT_TARGET = 9.2;
				MTL_ENABLE_DEBUG_INFO = NO;
				SDKROOT = iphoneos;
				VALIDATE_PRODUCT = YES;
			};
			name = Release;
		};
		EBF323431C9BE4540056C907 /* Debug */ = {
			isa = XCBuildConfiguration;
			buildSettings = {
				ASSETCATALOG_COMPILER_APPICON_NAME = AppIcon;
				CODE_SIGN_IDENTITY = "iPhone Developer";
				"CODE_SIGN_IDENTITY[sdk=iphoneos*]" = "iPhone Developer";
				INFOPLIST_FILE = iOSCategoriesCollection/Info.plist;
				IPHONEOS_DEPLOYMENT_TARGET = 8.0;
				LD_RUNPATH_SEARCH_PATHS = "$(inherited) @executable_path/Frameworks";
				PRODUCT_BUNDLE_IDENTIFIER = ylgwhyh.iOSCategoriesCollection;
				PRODUCT_NAME = "$(TARGET_NAME)";
				PROVISIONING_PROFILE = "";
			};
			name = Debug;
		};
		EBF323441C9BE4540056C907 /* Release */ = {
			isa = XCBuildConfiguration;
			buildSettings = {
				ASSETCATALOG_COMPILER_APPICON_NAME = AppIcon;
				CODE_SIGN_IDENTITY = "iPhone Developer";
				"CODE_SIGN_IDENTITY[sdk=iphoneos*]" = "iPhone Developer";
				INFOPLIST_FILE = iOSCategoriesCollection/Info.plist;
				IPHONEOS_DEPLOYMENT_TARGET = 8.0;
				LD_RUNPATH_SEARCH_PATHS = "$(inherited) @executable_path/Frameworks";
				PRODUCT_BUNDLE_IDENTIFIER = ylgwhyh.iOSCategoriesCollection;
				PRODUCT_NAME = "$(TARGET_NAME)";
				PROVISIONING_PROFILE = "";
			};
			name = Release;
		};
/* End XCBuildConfiguration section */

/* Begin XCConfigurationList section */
		EBF323261C9BE4530056C907 /* Build configuration list for PBXProject "iOSCategoriesCollection" */ = {
			isa = XCConfigurationList;
			buildConfigurations = (
				EBF323401C9BE4540056C907 /* Debug */,
				EBF323411C9BE4540056C907 /* Release */,
			);
			defaultConfigurationIsVisible = 0;
			defaultConfigurationName = Release;
		};
		EBF323421C9BE4540056C907 /* Build configuration list for PBXNativeTarget "iOSCategoriesCollection" */ = {
			isa = XCConfigurationList;
			buildConfigurations = (
				EBF323431C9BE4540056C907 /* Debug */,
				EBF323441C9BE4540056C907 /* Release */,
			);
			defaultConfigurationIsVisible = 0;
			defaultConfigurationName = Release;
		};
/* End XCConfigurationList section */
	};
	rootObject = EBF323231C9BE4530056C907 /* Project object */;
}
